{
  "nodes": {
    "crane": {
      "locked": {
        "lastModified": 1778106249,
        "narHash": "sha256-cM/AuKy5tMhwOOQIbha8ZRRMHVfNf7cv2aljIw+qoCg=",
        "owner": "ipetkov",
        "repo": "crane",
        "rev": "6d015ea29630b7ad2402841386da2cb617a470a7",
        "type": "github"
      },
      "original": {
        "owner": "ipetkov",
        "repo": "crane",
        "type": "github"
      }
    },
    "discord-voice-rpc": {
      "inputs": {
        "nixpkgs": [
          "nixpkgs"
        ]
      },
      "locked": {
        "lastModified": 1774510160,
        "narHash": "sha256-cj9rkUIYE056ObU0NPj7CRzKJBeMJVqviyBs50BzrsA=",
        "owner": "Nadim147c",
        "repo": "discord-voice-rpc",
        "rev": "73cdf62e1f6902159c4f0dbcb7ae0de102aee3a1",
        "type": "github"
      },
      "original": {
        "owner": "Nadim147c",
        "repo": "discord-voice-rpc",
        "type": "github"
      }
    },
    "flake-compat": {
      "flake": false,
      "locked": {
        "lastModified": 1777699697,
        "narHash": "sha256-Eg9b/rq/ECYwNwEXs5i9wHyhxNI0JrYx2srdI2uZMaQ=",
        "ref": "refs/heads/main",
        "rev": "382052b74656a369c5408822af3f2501e9b1af81",
        "revCount": 94,
        "type": "git",
        "url": "https://git.lix.systems/lix-project/flake-compat.git"
      },
      "original": {
        "type": "git",
        "url": "https://git.lix.systems/lix-project/flake-compat.git"
      }
    },
    "flake-parts": {
      "inputs": {
        "nixpkgs-lib": "nixpkgs-lib"
      },
      "locked": {
        "lastModified": 1778716662,
        "narHash": "sha256-m1Yf0wZ8j1OHjTc2UwHwyQRSnNeSgLJOd7q5Y45hzi4=",
        "owner": "hercules-ci",
        "repo": "flake-parts",
        "rev": "f7c1a2d347e4c52d5fb8d10cb4d94b5884e546fb",
        "type": "github"
      },
      "original": {
        "owner": "hercules-ci",
        "repo": "flake-parts",
        "type": "github"
      }
    },
    "flake-parts_2": {
      "inputs": {
        "nixpkgs-lib": [
          "nvf",
          "nixpkgs"
        ]
      },
      "locked": {
        "lastModified": 1778716662,
        "narHash": "sha256-m1Yf0wZ8j1OHjTc2UwHwyQRSnNeSgLJOd7q5Y45hzi4=",
        "owner": "hercules-ci",
        "repo": "flake-parts",
        "rev": "f7c1a2d347e4c52d5fb8d10cb4d94b5884e546fb",
        "type": "github"
      },
      "original": {
        "owner": "hercules-ci",
        "repo": "flake-parts",
        "type": "github"
      }
    },
    "flake-utils": {
      "inputs": {
        "systems": "systems"
      },
      "locked": {
        "lastModified": 1731533236,
        "narHash": "sha256-l0KFg5HjrsfsO/JpG+r7fRrqm12kzFHyUHqHCVpMMbI=",
        "owner": "numtide",
        "repo": "flake-utils",
        "rev": "11707dc2f618dd54ca8739b309ec4fc024de578b",
        "type": "github"
      },
      "original": {
        "owner": "numtide",
        "repo": "flake-utils",
        "type": "github"
      }
    },
    "gomod2nix": {
      "inputs": {
        "flake-utils": [
          "flake-utils"
        ],
        "nixpkgs": [
          "nixpkgs"
        ]
      },
      "locked": {
        "lastModified": 1770585520,
        "narHash": "sha256-yBz9Ozd5Wb56i3e3cHZ8WcbzCQ9RlVaiW18qDYA/AzA=",
        "owner": "nix-community",
        "repo": "gomod2nix",
        "rev": "1201ddd1279c35497754f016ef33d5e060f3da8d",
        "type": "github"
      },
      "original": {
        "owner": "nix-community",
        "repo": "gomod2nix",
        "type": "github"
      }
    },
    "helium": {
      "inputs": {
        "nixpkgs": [
          "nixpkgs"
        ]
      },
      "locked": {
        "lastModified": 1781262673,
        "narHash": "sha256-hiG17+E2KNLPW1Z5CXnTAAgqDCsIpDOS+x7v68vUhQM=",
        "owner": "amaanq",
        "repo": "helium-flake",
        "rev": "de0cfb2a39d90c135e8277f7ec1215a2ae315912",
        "type": "github"
      },
      "original": {
        "owner": "amaanq",
        "repo": "helium-flake",
        "type": "github"
      }
    },
    "hjem": {
      "inputs": {
        "nix-darwin": [],
        "nixpkgs": [
          "nixpkgs"
        ]
      },
      "locked": {
        "lastModified": 1781430841,
        "narHash": "sha256-5uEX8TEZ5kI+bnil/T2jtRlxiADcyeD9mX8gOwQIEVs=",
        "owner": "feel-co",
        "repo": "hjem",
        "rev": "89d0beea9068903aeb9998f52b741c69d4e32aa1",
        "type": "github"
      },
      "original": {
        "owner": "feel-co",
        "repo": "hjem",
        "type": "github"
      }
    },
    "home-manager": {
      "inputs": {
        "nixpkgs": [
          "nixpkgs"
        ]
      },
      "locked": {
        "lastModified": 1781667738,
        "narHash": "sha256-OxrwHpsWf+QGbos1LMDGAcv7sjBGshcw/43th6waeYI=",
        "owner": "nix-community",
        "repo": "home-manager",
        "rev": "7664e05e2413d5e2b8c54a884eb8ea0f8a504fc2",
        "type": "github"
      },
      "original": {
        "owner": "nix-community",
        "ref": "master",
        "repo": "home-manager",
        "type": "github"
      }
    },
    "import-tree": {
      "locked": {
        "lastModified": 1778781969,
        "narHash": "sha256-Jjuz5CmSkur8KvLDoGa+vylEp+RkQtv4mt/qcMznpH0=",
        "owner": "vic",
        "repo": "import-tree",
        "rev": "d321337efd0f23a9eb14a42adb7b2c29313ab274",
        "type": "github"
      },
      "original": {
        "owner": "vic",
        "repo": "import-tree",
        "type": "github"
      }
    },
    "kopuz": {
      "inputs": {
        "crane": "crane",
        "nixpkgs": "nixpkgs",
        "rust-overlay": "rust-overlay"
      },
      "locked": {
        "lastModified": 1781596256,
        "narHash": "sha256-USAjdJeHS8ypISqQBZSPnYoFtqO+U6pi4xzDdJfHNa0=",
        "owner": "Kopuz-org",
        "repo": "kopuz",
        "rev": "80b17bbdf0d6a258051df1671a03e373ae19e456",
        "type": "github"
      },
      "original": {
        "owner": "Kopuz-org",
        "ref": "master",
        "repo": "kopuz",
        "type": "github"
      }
    },
    "mnw": {
      "locked": {
        "lastModified": 1780772958,
        "narHash": "sha256-VKKe8r4pwCGWZ3Yr9CPN129R4S3CKLSrlYqdYz3vKpM=",
        "owner": "Gerg-L",
        "repo": "mnw",
        "rev": "0871dbf63a53610c95db04439ed8ea4d6ec9c160",
        "type": "github"
      },
      "original": {
        "owner": "Gerg-L",
        "repo": "mnw",
        "type": "github"
      }
    },
    "ncro": {
      "inputs": {
        "nixpkgs": [
          "nixpkgs"
        ]
      },
      "locked": {
        "lastModified": 1781242419,
        "narHash": "sha256-6DQAktdvTUNNRb8cNGndntsYER02rDbL8GQGJVnZ7Ps=",
        "owner": "feel-co",
        "repo": "ncro",
        "rev": "eb67df31a0d64e3361a5589c786e4af9a9cb8c1d",
        "type": "github"
      },
      "original": {
        "owner": "feel-co",
        "repo": "ncro",
        "type": "github"
      }
    },
    "ndg": {
      "inputs": {
        "nixpkgs": [
          "nvf",
          "nixpkgs"
        ]
      },
      "locked": {
        "lastModified": 1779233504,
        "narHash": "sha256-YIKEyzh0NFQlD0O92LQQNMoVCDwV8yw1Xz0Iu+4ZC5U=",
        "owner": "feel-co",
        "repo": "ndg",
        "rev": "86f6644411a64d5413711895b7cf6e0e1be465b6",
        "type": "github"
      },
      "original": {
        "owner": "feel-co",
        "ref": "refs/tags/v2.8.0",
        "repo": "ndg",
        "type": "github"
      }
    },
    "nixos-hardware": {
      "inputs": {
        "nixpkgs": [
          "nixpkgs"
        ]
      },
      "locked": {
        "lastModified": 1781622756,
        "narHash": "sha256-JrPh4M6S7aPsEE9tOENuZrxC6o2szSLlK+t4+nLke9s=",
        "owner": "NixOS",
        "repo": "nixos-hardware",
        "rev": "08018c72174a4df5657f8d94178ac69fb9c243e5",
        "type": "github"
      },
      "original": {
        "owner": "NixOS",
        "ref": "master",
        "repo": "nixos-hardware",
        "type": "github"
      }
    },
    "nixpkgs": {
      "locked": {
        "lastModified": 1780243769,
        "narHash": "sha256-2fYATYjjbsF2ri3reTWXgBkrmwK5Hpj23CsTEdLA2fo=",
        "rev": "331800de5053fcebacf6813adb5db9c9dca22a0c",
        "type": "tarball",
        "url": "https://releases.nixos.org/nixos/unstable/nixos-26.11pre1008282.331800de5053/nixexprs.tar.xz?lastModified=1780243769&rev=331800de5053fcebacf6813adb5db9c9dca22a0c"
      },
      "original": {
        "type": "tarball",
        "url": "https://channels.nixos.org/nixos-unstable/nixexprs.tar.xz"
      }
    },
    "nixpkgs-lib": {
      "locked": {
        "lastModified": 1777168982,
        "narHash": "sha256-GOkGPcboWE9BmGCRMLX3worL4EMnsnG8MyKmXNeYuhQ=",
        "owner": "nix-community",
        "repo": "nixpkgs.lib",
        "rev": "f5901329dade4a6ea039af1433fb087bd9c1fe14",
        "type": "github"
      },
      "original": {
        "owner": "nix-community",
        "repo": "nixpkgs.lib",
        "type": "github"
      }
    },
    "nixpkgs_2": {
      "locked": {
        "lastModified": 1781577229,
        "narHash": "sha256-rcUHdUtJEvMdNEl2Wq+YpHraHKfcer3KsBscpZEF2Yg=",
        "rev": "567a49d1913ce81ac6e9582e3553dd90a955875f",
        "type": "tarball",
        "url": "https://releases.nixos.org/nixos/unstable/nixos-26.11pre1017464.567a49d1913c/nixexprs.tar.xz"
      },
      "original": {
        "type": "tarball",
        "url": "https://channels.nixos.org/nixos-unstable/nixexprs.tar.xz"
      }
    },
    "nixpkgs_3": {
      "locked": {
        "lastModified": 1781216227,
        "narHash": "sha256-9mUW6gNwoN2SWc/l0fW4svPNOulXLl8ijqKyeSOGgJE=",
        "owner": "nixos",
        "repo": "nixpkgs",
        "rev": "a0374025a863d007d98e3297f6aa46cc3141c2f0",
        "type": "github"
      },
      "original": {
        "owner": "nixos",
        "ref": "nixos-26.05",
        "repo": "nixpkgs",
        "type": "github"
      }
    },
    "nvf": {
      "inputs": {
        "flake-compat": "flake-compat",
        "flake-parts": "flake-parts_2",
        "mnw": "mnw",
        "ndg": "ndg",
        "nixpkgs": "nixpkgs_3",
        "systems": "systems_2"
      },
      "locked": {
        "lastModified": 1781534482,
        "narHash": "sha256-d3UIqXuigQhsc7amQkZ7F+SWnaJFAxIROE2f2X+pzUs=",
        "owner": "notashelf",
        "repo": "nvf",
        "rev": "63d8fc82d652c23419a837e2b2934dd4bead04f3",
        "type": "github"
      },
      "original": {
        "owner": "notashelf",
        "repo": "nvf",
        "type": "github"
      }
    },
    "quickshell": {
      "inputs": {
        "nixpkgs": [
          "nixpkgs"
        ]
      },
      "locked": {
        "lastModified": 1781053488,
        "narHash": "sha256-P4WEBaKgl8flRckHxXGHzT0potPvB3x8ZFIp9gLEAMY=",
        "owner": "quickshell-mirror",
        "repo": "quickshell",
        "rev": "d99d87d5e5ec4e696815348692fdaaf0b6be1b2c",
        "type": "github"
      },
      "original": {
        "owner": "quickshell-mirror",
        "repo": "quickshell",
        "type": "github"
      }
    },
    "rong": {
      "inputs": {
        "nixpkgs": [
          "nixpkgs"
        ]
      },
      "locked": {
        "lastModified": 1777267327,
        "narHash": "sha256-2rt2awJAUPmZUahJoXEdPKaS83iqsoqLNUV31Ui1MFs=",
        "owner": "Nadim147c",
        "repo": "rong",
        "rev": "8890a7d43997957406064e76edde8e75eb1cd036",
        "type": "github"
      },
      "original": {
        "owner": "Nadim147c",
        "repo": "rong",
        "type": "github"
      }
    },
    "root": {
      "inputs": {
        "discord-voice-rpc": "discord-voice-rpc",
        "flake-parts": "flake-parts",
        "flake-utils": "flake-utils",
        "gomod2nix": "gomod2nix",
        "helium": "helium",
        "hjem": "hjem",
        "home-manager": "home-manager",
        "import-tree": "import-tree",
        "kopuz": "kopuz",
        "ncro": "ncro",
        "nixos-hardware": "nixos-hardware",
        "nixpkgs": "nixpkgs_2",
        "nvf": "nvf",
        "quickshell": "quickshell",
        "rong": "rong",
        "sops-nix": "sops-nix",
        "topiary-nushell": "topiary-nushell",
        "treefmt-nix": "treefmt-nix",
        "wrappers": "wrappers",
        "yankd": "yankd"
      }
    },
    "rust-overlay": {
      "inputs": {
        "nixpkgs": [
          "kopuz",
          "nixpkgs"
        ]
      },
      "locked": {
        "lastModified": 1777173302,
        "narHash": "sha256-ERiu3cbxvnTDxiDcimRA7af7xp6x1y0sRyLGm28Qzz8=",
        "owner": "oxalica",
        "repo": "rust-overlay",
        "rev": "aaec8c50baeaf2f2ba653e8aae71778a2bbbac94",
        "type": "github"
      },
      "original": {
        "owner": "oxalica",
        "repo": "rust-overlay",
        "type": "github"
      }
    },
    "sops-nix": {
      "inputs": {
        "nixpkgs": [
          "nixpkgs"
        ]
      },
      "locked": {
        "lastModified": 1780547341,
        "narHash": "sha256-Gq8KNx5A7hBB3uGJaj6eQfLDIz5YdLu92gqBcvHvoUo=",
        "owner": "Mic92",
        "repo": "sops-nix",
        "rev": "9ed65852b6257fbeae4355bc24ecfea307ca759a",
        "type": "github"
      },
      "original": {
        "owner": "Mic92",
        "repo": "sops-nix",
        "type": "github"
      }
    },
    "systems": {
      "locked": {
        "lastModified": 1681028828,
        "narHash": "sha256-Vy1rq5AaRuLzOxct8nz4T6wlgyUR7zLU309k9mBC768=",
        "owner": "nix-systems",
        "repo": "default",
        "rev": "da67096a3b9bf56a91d16901293e51ba5b49a27e",
        "type": "github"
      },
      "original": {
        "owner": "nix-systems",
        "repo": "default",
        "type": "github"
      }
    },
    "systems_2": {
      "locked": {
        "lastModified": 1681028828,
        "narHash": "sha256-Vy1rq5AaRuLzOxct8nz4T6wlgyUR7zLU309k9mBC768=",
        "owner": "nix-systems",
        "repo": "default",
        "rev": "da67096a3b9bf56a91d16901293e51ba5b49a27e",
        "type": "github"
      },
      "original": {
        "owner": "nix-systems",
        "repo": "default",
        "type": "github"
      }
    },
    "topiary-nushell": {
      "inputs": {
        "nixpkgs": [
          "nixpkgs"
        ]
      },
      "locked": {
        "lastModified": 1772590084,
        "narHash": "sha256-fTfxSnVI7TY6vQhD+GimPBRJ4K0SyyVtoLcLGH3xIPc=",
        "owner": "blindFS",
        "repo": "topiary-nushell",
        "rev": "6e2f9b339a664a46e4015fa5d79e537807fefa39",
        "type": "github"
      },
      "original": {
        "owner": "blindFS",
        "repo": "topiary-nushell",
        "type": "github"
      }
    },
    "treefmt-nix": {
      "inputs": {
        "nixpkgs": [
          "nixpkgs"
        ]
      },
      "locked": {
        "lastModified": 1780220602,
        "narHash": "sha256-eynAfOmbmxJnkp7YewvCEbShNnnYJ9gLLqkzsYtBPeM=",
        "owner": "numtide",
        "repo": "treefmt-nix",
        "rev": "db947814a175b7ca6ded66e21383d938df01c227",
        "type": "github"
      },
      "original": {
        "owner": "numtide",
        "repo": "treefmt-nix",
        "type": "github"
      }
    },
    "wrappers": {
      "inputs": {
        "nixpkgs": [
          "nixpkgs"
        ]
      },
      "locked": {
        "lastModified": 1780661205,
        "narHash": "sha256-3F5DixT3Gk91lBI9E+TGMm0ko5HrRbDiL23di16TJGA=",
        "owner": "BirdeeHub",
        "repo": "nix-wrapper-modules",
        "rev": "8dd304c3582ddd339217e1cc5fb53f50acb63c2d",
        "type": "github"
      },
      "original": {
        "owner": "BirdeeHub",
        "repo": "nix-wrapper-modules",
        "type": "github"
      }
    },
    "yankd": {
      "inputs": {
        "nixpkgs": [
          "nixpkgs"
        ]
      },
      "locked": {
        "lastModified": 1778609389,
        "narHash": "sha256-q+sdmvvw8ABr8Ej0cuOa1zeoHFvCJYFhX9KrTxCzdFw=",
        "owner": "Nadim147c",
        "repo": "yankd",
        "rev": "7084a9e18203fa3baec741712d8cdb654c1267db",
        "type": "github"
      },
      "original": {
        "owner": "Nadim147c",
        "repo": "yankd",
        "type": "github"
      }
    }
  },
  "root": "root",
  "version": 7
}
